
Microsoft Visual Studio Solution File, Format Version 12.00
# Visual Studio Version 16
VisualStudioVersion = 16.0.810.6
MinimumVisualStudioVersion = 10.0.40219.1
Project("{FAE04EC0-301F-11D3-BF4B-00C04F79EFBC}") = "DailyExpense.Android", "DailyExpense.Android\DailyExpense.Android.csproj", "{C92E513C-FDCA-4A1E-888C-B85D27419703}"
EndProject
Project("{FAE04EC0-301F-11D3-BF4B-00C04F79EFBC}") = "DailyExpense.iOS", "DailyExpense.iOS\DailyExpense.iOS.csproj", "{80BED14D-AD80-4CD5-A39B-48AAD6BFC39C}"
EndProject
Project("{FAE04EC0-301F-11D3-BF4B-00C04F79EFBC}") = "DailyExpense", "DailyExpense\DailyExpense.csproj", "{798E76A6-8E59-40DD-8160-CF14852656DA}"
EndProject
Project("{FAE04EC0-301F-11D3-BF4B-00C04F79EFBC}") = "APIExpense", "APIExpense\APIExpense.csproj", "{AED06BF3-316D-4CE2-BCC2-3C9099343DE9}"
EndProject
Global
	GlobalSection(SolutionConfigurationPlatforms) = preSolution
		Debug|Any CPU = Debug|Any CPU
		Release|Any CPU = Release|Any CPU
		Debug|iPhoneSimulator = Debug|iPhoneSimulator
		Release|iPhoneSimulator = Release|iPhoneSimulator
		Debug|iPhone = Debug|iPhone
		Release|iPhone = Release|iPhone
	EndGlobalSection
	GlobalSection(ProjectConfigurationPlatforms) = postSolution
		{C92E513C-FDCA-4A1E-888C-B85D27419703}.Debug|Any CPU.ActiveCfg = Debug|Any CPU
		{C92E513C-FDCA-4A1E-888C-B85D27419703}.Debug|Any CPU.Build.0 = Debug|Any CPU
		{C92E513C-FDCA-4A1E-888C-B85D27419703}.Release|Any CPU.ActiveCfg = Release|Any CPU
		{C92E513C-FDCA-4A1E-888C-B85D27419703}.Release|Any CPU.Build.0 = Release|Any CPU
		{C92E513C-FDCA-4A1E-888C-B85D27419703}.Debug|iPhoneSimulator.ActiveCfg = Debug|Any CPU
		{C92E513C-FDCA-4A1E-888C-B85D27419703}.Debug|iPhoneSimulator.Build.0 = Debug|Any CPU
		{C92E513C-FDCA-4A1E-888C-B85D27419703}.Release|iPhoneSimulator.ActiveCfg = Release|Any CPU
		{C92E513C-FDCA-4A1E-888C-B85D27419703}.Release|iPhoneSimulator.Build.0 = Release|Any CPU
		{C92E513C-FDCA-4A1E-888C-B85D27419703}.Debug|iPhone.ActiveCfg = Debug|Any CPU
		{C92E513C-FDCA-4A1E-888C-B85D27419703}.Debug|iPhone.Build.0 = Debug|Any CPU
		{C92E513C-FDCA-4A1E-888C-B85D27419703}.Release|iPhone.ActiveCfg = Release|Any CPU
		{C92E513C-FDCA-4A1E-888C-B85D27419703}.Release|iPhone.Build.0 = Release|Any CPU
		{80BED14D-AD80-4CD5-A39B-48AAD6BFC39C}.Debug|Any CPU.ActiveCfg = Debug|iPhoneSimulator
		{80BED14D-AD80-4CD5-A39B-48AAD6BFC39C}.Debug|Any CPU.Build.0 = Debug|iPhoneSimulator
		{80BED14D-AD80-4CD5-A39B-48AAD6BFC39C}.Release|Any CPU.ActiveCfg = Release|iPhoneSimulator
		{80BED14D-AD80-4CD5-A39B-48AAD6BFC39C}.Release|Any CPU.Build.0 = Release|iPhoneSimulator
		{80BED14D-AD80-4CD5-A39B-48AAD6BFC39C}.Debug|iPhoneSimulator.ActiveCfg = Debug|iPhoneSimulator
		{80BED14D-AD80-4CD5-A39B-48AAD6BFC39C}.Debug|iPhoneSimulator.Build.0 = Debug|iPhoneSimulator
		{80BED14D-AD80-4CD5-A39B-48AAD6BFC39C}.Release|iPhoneSimulator.ActiveCfg = Release|iPhoneSimulator
		{80BED14D-AD80-4CD5-A39B-48AAD6BFC39C}.Release|iPhoneSimulator.Build.0 = Release|iPhoneSimulator
		{80BED14D-AD80-4CD5-A39B-48AAD6BFC39C}.Debug|iPhone.ActiveCfg = Debug|iPhone
		{80BED14D-AD80-4CD5-A39B-48AAD6BFC39C}.Debug|iPhone.Build.0 = Debug|iPhone
		{80BED14D-AD80-4CD5-A39B-48AAD6BFC39C}.Release|iPhone.ActiveCfg = Release|iPhone
		{80BED14D-AD80-4CD5-A39B-48AAD6BFC39C}.Release|iPhone.Build.0 = Release|iPhone
		{798E76A6-8E59-40DD-8160-CF14852656DA}.Debug|Any CPU.ActiveCfg = Debug|Any CPU
		{798E76A6-8E59-40DD-8160-CF14852656DA}.Debug|Any CPU.Build.0 = Debug|Any CPU
		{798E76A6-8E59-40DD-8160-CF14852656DA}.Release|Any CPU.ActiveCfg = Release|Any CPU
		{798E76A6-8E59-40DD-8160-CF14852656DA}.Release|Any CPU.Build.0 = Release|Any CPU
		{798E76A6-8E59-40DD-8160-CF14852656DA}.Debug|iPhoneSimulator.ActiveCfg = Debug|Any CPU
		{798E76A6-8E59-40DD-8160-CF14852656DA}.Debug|iPhoneSimulator.Build.0 = Debug|Any CPU
		{798E76A6-8E59-40DD-8160-CF14852656DA}.Release|iPhoneSimulator.ActiveCfg = Release|Any CPU
		{798E76A6-8E59-40DD-8160-CF14852656DA}.Release|iPhoneSimulator.Build.0 = Release|Any CPU
		{798E76A6-8E59-40DD-8160-CF14852656DA}.Debug|iPhone.ActiveCfg = Debug|Any CPU
		{798E76A6-8E59-40DD-8160-CF14852656DA}.Debug|iPhone.Build.0 = Debug|Any CPU
		{798E76A6-8E59-40DD-8160-CF14852656DA}.Release|iPhone.ActiveCfg = Release|Any CPU
		{798E76A6-8E59-40DD-8160-CF14852656DA}.Release|iPhone.Build.0 = Release|Any CPU
		{AED06BF3-316D-4CE2-BCC2-3C9099343DE9}.Debug|Any CPU.ActiveCfg = Debug|Any CPU
		{AED06BF3-316D-4CE2-BCC2-3C9099343DE9}.Debug|Any CPU.Build.0 = Debug|Any CPU
		{AED06BF3-316D-4CE2-BCC2-3C9099343DE9}.Release|Any CPU.ActiveCfg = Release|Any CPU
		{AED06BF3-316D-4CE2-BCC2-3C9099343DE9}.Release|Any CPU.Build.0 = Release|Any CPU
		{AED06BF3-316D-4CE2-BCC2-3C9099343DE9}.Debug|iPhoneSimulator.ActiveCfg = Debug|Any CPU
		{AED06BF3-316D-4CE2-BCC2-3C9099343DE9}.Debug|iPhoneSimulator.Build.0 = Debug|Any CPU
		{AED06BF3-316D-4CE2-BCC2-3C9099343DE9}.Release|iPhoneSimulator.ActiveCfg = Release|Any CPU
		{AED06BF3-316D-4CE2-BCC2-3C9099343DE9}.Release|iPhoneSimulator.Build.0 = Release|Any CPU
		{AED06BF3-316D-4CE2-BCC2-3C9099343DE9}.Debug|iPhone.ActiveCfg = Debug|Any CPU
		{AED06BF3-316D-4CE2-BCC2-3C9099343DE9}.Debug|iPhone.Build.0 = Debug|Any CPU
		{AED06BF3-316D-4CE2-BCC2-3C9099343DE9}.Release|iPhone.ActiveCfg = Release|Any CPU
		{AED06BF3-316D-4CE2-BCC2-3C9099343DE9}.Release|iPhone.Build.0 = Release|Any CPU
	EndGlobalSection
	GlobalSection(SolutionProperties) = preSolution
		HideSolutionNode = FALSE
	EndGlobalSection
	GlobalSection(ExtensibilityGlobals) = postSolution
		SolutionGuid = {295F983A-6D4F-4828-A179-CC289DBAD143}
	EndGlobalSection
EndGlobal
